
Microsoft Visual Studio Solution File, Format Version 12.00
# Visual Studio Version 17
VisualStudioVersion = 17.9.34310.174
MinimumVisualStudioVersion = 10.0.40219.1
Project("{FAE04EC0-301F-11D3-BF4B-00C04F79EFBC}") = "Amazon.Cognito.Example", "Amazon.Cognito.Example\Amazon.Cognito.Example.csproj", "{4AD37863-82B6-4B8F-B9F5-49E577F2A84C}"
EndProject
Global
	GlobalSection(SolutionConfigurationPlatforms) = preSolution
		Debug|Any CPU = Debug|Any CPU
		Release|Any CPU = Release|Any CPU
	EndGlobalSection
	GlobalSection(ProjectConfigurationPlatforms) = postSolution
		{4AD37863-82B6-4B8F-B9F5-49E577F2A84C}.Debug|Any CPU.ActiveCfg = Debug|Any CPU
		{4AD37863-82B6-4B8F-B9F5-49E577F2A84C}.Debug|Any CPU.Build.0 = Debug|Any CPU
		{4AD37863-82B6-4B8F-B9F5-49E577F2A84C}.Release|Any CPU.ActiveCfg = Release|Any CPU
		{4AD37863-82B6-4B8F-B9F5-49E577F2A84C}.Release|Any CPU.Build.0 = Release|Any CPU
	EndGlobalSection
	GlobalSection(SolutionProperties) = preSolution
		HideSolutionNode = FALSE
	EndGlobalSection
	GlobalSection(ExtensibilityGlobals) = postSolution
		SolutionGuid = {E3CC62AB-9B56-4B2A-9350-B364265DFDB0}
	EndGlobalSection
EndGlobal
